
Microsoft Visual Studio Solution File, Format Version 12.00
# Visual Studio Version 16
VisualStudioVersion = 16.0.31019.35
MinimumVisualStudioVersion = 10.0.40219.1
Project("{8BC9CEB8-8B4A-11D0-8D11-00A0C91BC942}") = "test-3-27-1", "test-3-27-1.vcxproj", "{D2B42732-7A4C-4960-BD37-F9045E60D686}"
EndProject
Global
	GlobalSection(SolutionConfigurationPlatforms) = preSolution
		Debug|x64 = Debug|x64
		Debug|x86 = Debug|x86
		Release|x64 = Release|x64
		Release|x86 = Release|x86
	EndGlobalSection
	GlobalSection(ProjectConfigurationPlatforms) = postSolution
		{D2B42732-7A4C-4960-BD37-F9045E60D686}.Debug|x64.ActiveCfg = Debug|x64
		{D2B42732-7A4C-4960-BD37-F9045E60D686}.Debug|x64.Build.0 = Debug|x64
		{D2B42732-7A4C-4960-BD37-F9045E60D686}.Debug|x86.ActiveCfg = Debug|Win32
		{D2B42732-7A4C-4960-BD37-F9045E60D686}.Debug|x86.Build.0 = Debug|Win32
		{D2B42732-7A4C-4960-BD37-F9045E60D686}.Release|x64.ActiveCfg = Release|x64
		{D2B42732-7A4C-4960-BD37-F9045E60D686}.Release|x64.Build.0 = Release|x64
		{D2B42732-7A4C-4960-BD37-F9045E60D686}.Release|x86.ActiveCfg = Release|Win32
		{D2B42732-7A4C-4960-BD37-F9045E60D686}.Release|x86.Build.0 = Release|Win32
	EndGlobalSection
	GlobalSection(SolutionProperties) = preSolution
		HideSolutionNode = FALSE
	EndGlobalSection
	GlobalSection(ExtensibilityGlobals) = postSolution
		SolutionGuid = {16BA792A-628D-46E7-BDEE-D92FB34DB72F}
	EndGlobalSection
EndGlobal
