
Microsoft Visual Studio Solution File, Format Version 12.00
# Visual Studio Version 16
VisualStudioVersion = 16.0.30804.86
MinimumVisualStudioVersion = 10.0.40219.1
Project("{8BC9CEB8-8B4A-11D0-8D11-00A0C91BC942}") = "prime number", "prime number.vcxproj", "{12304E55-7BC1-462A-88A1-E195F484C65B}"
EndProject
Global
	GlobalSection(SolutionConfigurationPlatforms) = preSolution
		Debug|x64 = Debug|x64
		Debug|x86 = Debug|x86
		Release|x64 = Release|x64
		Release|x86 = Release|x86
	EndGlobalSection
	GlobalSection(ProjectConfigurationPlatforms) = postSolution
		{12304E55-7BC1-462A-88A1-E195F484C65B}.Debug|x64.ActiveCfg = Debug|x64
		{12304E55-7BC1-462A-88A1-E195F484C65B}.Debug|x64.Build.0 = Debug|x64
		{12304E55-7BC1-462A-88A1-E195F484C65B}.Debug|x86.ActiveCfg = Debug|Win32
		{12304E55-7BC1-462A-88A1-E195F484C65B}.Debug|x86.Build.0 = Debug|Win32
		{12304E55-7BC1-462A-88A1-E195F484C65B}.Release|x64.ActiveCfg = Release|x64
		{12304E55-7BC1-462A-88A1-E195F484C65B}.Release|x64.Build.0 = Release|x64
		{12304E55-7BC1-462A-88A1-E195F484C65B}.Release|x86.ActiveCfg = Release|Win32
		{12304E55-7BC1-462A-88A1-E195F484C65B}.Release|x86.Build.0 = Release|Win32
	EndGlobalSection
	GlobalSection(SolutionProperties) = preSolution
		HideSolutionNode = FALSE
	EndGlobalSection
	GlobalSection(ExtensibilityGlobals) = postSolution
		SolutionGuid = {69D4E9A4-E700-4D08-A547-194B88C2304A}
	EndGlobalSection
EndGlobal
