
Microsoft Visual Studio Solution File, Format Version 12.00
# Visual Studio Version 16
VisualStudioVersion = 16.0.32002.261
MinimumVisualStudioVersion = 10.0.40219.1
Project("{8BC9CEB8-8B4A-11D0-8D11-00A0C91BC942}") = "test-2022-1-9-game", "test-2022-1-9-game.vcxproj", "{AAEECB59-2F1A-46BA-BA81-2CC5C04870D0}"
EndProject
Global
	GlobalSection(SolutionConfigurationPlatforms) = preSolution
		Debug|x64 = Debug|x64
		Debug|x86 = Debug|x86
		Release|x64 = Release|x64
		Release|x86 = Release|x86
	EndGlobalSection
	GlobalSection(ProjectConfigurationPlatforms) = postSolution
		{AAEECB59-2F1A-46BA-BA81-2CC5C04870D0}.Debug|x64.ActiveCfg = Debug|x64
		{AAEECB59-2F1A-46BA-BA81-2CC5C04870D0}.Debug|x64.Build.0 = Debug|x64
		{AAEECB59-2F1A-46BA-BA81-2CC5C04870D0}.Debug|x86.ActiveCfg = Debug|Win32
		{AAEECB59-2F1A-46BA-BA81-2CC5C04870D0}.Debug|x86.Build.0 = Debug|Win32
		{AAEECB59-2F1A-46BA-BA81-2CC5C04870D0}.Release|x64.ActiveCfg = Release|x64
		{AAEECB59-2F1A-46BA-BA81-2CC5C04870D0}.Release|x64.Build.0 = Release|x64
		{AAEECB59-2F1A-46BA-BA81-2CC5C04870D0}.Release|x86.ActiveCfg = Release|Win32
		{AAEECB59-2F1A-46BA-BA81-2CC5C04870D0}.Release|x86.Build.0 = Release|Win32
	EndGlobalSection
	GlobalSection(SolutionProperties) = preSolution
		HideSolutionNode = FALSE
	EndGlobalSection
	GlobalSection(ExtensibilityGlobals) = postSolution
		SolutionGuid = {B59809E8-9DA4-49F1-BE0B-9914826FB9F6}
	EndGlobalSection
EndGlobal
