
Microsoft Visual Studio Solution File, Format Version 12.00
# Visual Studio Version 16
VisualStudioVersion = 16.0.30804.86
MinimumVisualStudioVersion = 10.0.40219.1
Project("{8BC9CEB8-8B4A-11D0-8D11-00A0C91BC942}") = "test-2-15-1", "test-2-15-1.vcxproj", "{6AB3E40C-1E26-4052-873C-91460B09E192}"
EndProject
Global
	GlobalSection(SolutionConfigurationPlatforms) = preSolution
		Debug|x64 = Debug|x64
		Debug|x86 = Debug|x86
		Release|x64 = Release|x64
		Release|x86 = Release|x86
	EndGlobalSection
	GlobalSection(ProjectConfigurationPlatforms) = postSolution
		{6AB3E40C-1E26-4052-873C-91460B09E192}.Debug|x64.ActiveCfg = Debug|x64
		{6AB3E40C-1E26-4052-873C-91460B09E192}.Debug|x64.Build.0 = Debug|x64
		{6AB3E40C-1E26-4052-873C-91460B09E192}.Debug|x86.ActiveCfg = Debug|Win32
		{6AB3E40C-1E26-4052-873C-91460B09E192}.Debug|x86.Build.0 = Debug|Win32
		{6AB3E40C-1E26-4052-873C-91460B09E192}.Release|x64.ActiveCfg = Release|x64
		{6AB3E40C-1E26-4052-873C-91460B09E192}.Release|x64.Build.0 = Release|x64
		{6AB3E40C-1E26-4052-873C-91460B09E192}.Release|x86.ActiveCfg = Release|Win32
		{6AB3E40C-1E26-4052-873C-91460B09E192}.Release|x86.Build.0 = Release|Win32
	EndGlobalSection
	GlobalSection(SolutionProperties) = preSolution
		HideSolutionNode = FALSE
	EndGlobalSection
	GlobalSection(ExtensibilityGlobals) = postSolution
		SolutionGuid = {5E0623ED-7C83-41B3-9567-9BCF89682CF9}
	EndGlobalSection
EndGlobal
