
Microsoft Visual Studio Solution File, Format Version 12.00
# Visual Studio Version 16
VisualStudioVersion = 16.0.32002.261
MinimumVisualStudioVersion = 10.0.40219.1
Project("{8BC9CEB8-8B4A-11D0-8D11-00A0C91BC942}") = "test-2022-1-30-1", "test-2022-1-30-1.vcxproj", "{4922E7C5-670B-4F51-9B28-44B4A40E22B7}"
EndProject
Global
	GlobalSection(SolutionConfigurationPlatforms) = preSolution
		Debug|x64 = Debug|x64
		Debug|x86 = Debug|x86
		Release|x64 = Release|x64
		Release|x86 = Release|x86
	EndGlobalSection
	GlobalSection(ProjectConfigurationPlatforms) = postSolution
		{4922E7C5-670B-4F51-9B28-44B4A40E22B7}.Debug|x64.ActiveCfg = Debug|x64
		{4922E7C5-670B-4F51-9B28-44B4A40E22B7}.Debug|x64.Build.0 = Debug|x64
		{4922E7C5-670B-4F51-9B28-44B4A40E22B7}.Debug|x86.ActiveCfg = Debug|Win32
		{4922E7C5-670B-4F51-9B28-44B4A40E22B7}.Debug|x86.Build.0 = Debug|Win32
		{4922E7C5-670B-4F51-9B28-44B4A40E22B7}.Release|x64.ActiveCfg = Release|x64
		{4922E7C5-670B-4F51-9B28-44B4A40E22B7}.Release|x64.Build.0 = Release|x64
		{4922E7C5-670B-4F51-9B28-44B4A40E22B7}.Release|x86.ActiveCfg = Release|Win32
		{4922E7C5-670B-4F51-9B28-44B4A40E22B7}.Release|x86.Build.0 = Release|Win32
	EndGlobalSection
	GlobalSection(SolutionProperties) = preSolution
		HideSolutionNode = FALSE
	EndGlobalSection
	GlobalSection(ExtensibilityGlobals) = postSolution
		SolutionGuid = {20030762-43B3-4610-B34E-92E22C3BBFC5}
	EndGlobalSection
EndGlobal
