
Microsoft Visual Studio Solution File, Format Version 12.00
# Visual Studio Version 16
VisualStudioVersion = 16.0.32228.343
MinimumVisualStudioVersion = 10.0.40219.1
Project("{8BC9CEB8-8B4A-11D0-8D11-00A0C91BC942}") = "test-2022-3-22-String", "test-2022-3-22-String.vcxproj", "{694C7B7C-9AEC-48A9-8E45-343C13680273}"
EndProject
Global
	GlobalSection(SolutionConfigurationPlatforms) = preSolution
		Debug|x64 = Debug|x64
		Debug|x86 = Debug|x86
		Release|x64 = Release|x64
		Release|x86 = Release|x86
	EndGlobalSection
	GlobalSection(ProjectConfigurationPlatforms) = postSolution
		{694C7B7C-9AEC-48A9-8E45-343C13680273}.Debug|x64.ActiveCfg = Debug|x64
		{694C7B7C-9AEC-48A9-8E45-343C13680273}.Debug|x64.Build.0 = Debug|x64
		{694C7B7C-9AEC-48A9-8E45-343C13680273}.Debug|x86.ActiveCfg = Debug|Win32
		{694C7B7C-9AEC-48A9-8E45-343C13680273}.Debug|x86.Build.0 = Debug|Win32
		{694C7B7C-9AEC-48A9-8E45-343C13680273}.Release|x64.ActiveCfg = Release|x64
		{694C7B7C-9AEC-48A9-8E45-343C13680273}.Release|x64.Build.0 = Release|x64
		{694C7B7C-9AEC-48A9-8E45-343C13680273}.Release|x86.ActiveCfg = Release|Win32
		{694C7B7C-9AEC-48A9-8E45-343C13680273}.Release|x86.Build.0 = Release|Win32
	EndGlobalSection
	GlobalSection(SolutionProperties) = preSolution
		HideSolutionNode = FALSE
	EndGlobalSection
	GlobalSection(ExtensibilityGlobals) = postSolution
		SolutionGuid = {B17D4F3F-7725-48B8-97C5-28A74F66FDFE}
	EndGlobalSection
EndGlobal
